
Microsoft Visual Studio Solution File, Format Version 12.00
# Visual Studio 15
VisualStudioVersion = 15.0.28307.106
MinimumVisualStudioVersion = 10.0.40219.1
Project("{9A19103F-16F7-4668-BE54-9A1E7A4F7556}") = "Steganografie", "Steganografie\Steganografie.csproj", "{E51C2404-D40F-4203-9496-268D71BC7C8B}"
EndProject
Project("{FAE04EC0-301F-11D3-BF4B-00C04F79EFBC}") = "WindowsUI", "WindowsUI\WindowsUI.csproj", "{6C81B8FF-8403-487A-94A0-60CADE787500}"
EndProject
Global
	GlobalSection(SolutionConfigurationPlatforms) = preSolution
		Debug|Any CPU = Debug|Any CPU
		Release|Any CPU = Release|Any CPU
	EndGlobalSection
	GlobalSection(ProjectConfigurationPlatforms) = postSolution
		{E51C2404-D40F-4203-9496-268D71BC7C8B}.Debug|Any CPU.ActiveCfg = Debug|Any CPU
		{E51C2404-D40F-4203-9496-268D71BC7C8B}.Debug|Any CPU.Build.0 = Debug|Any CPU
		{E51C2404-D40F-4203-9496-268D71BC7C8B}.Release|Any CPU.ActiveCfg = Release|Any CPU
		{E51C2404-D40F-4203-9496-268D71BC7C8B}.Release|Any CPU.Build.0 = Release|Any CPU
		{6C81B8FF-8403-487A-94A0-60CADE787500}.Debug|Any CPU.ActiveCfg = Debug|Any CPU
		{6C81B8FF-8403-487A-94A0-60CADE787500}.Debug|Any CPU.Build.0 = Debug|Any CPU
		{6C81B8FF-8403-487A-94A0-60CADE787500}.Release|Any CPU.ActiveCfg = Release|Any CPU
		{6C81B8FF-8403-487A-94A0-60CADE787500}.Release|Any CPU.Build.0 = Release|Any CPU
	EndGlobalSection
	GlobalSection(SolutionProperties) = preSolution
		HideSolutionNode = FALSE
	EndGlobalSection
	GlobalSection(ExtensibilityGlobals) = postSolution
		SolutionGuid = {3C6C9FE6-5753-40DB-AC19-434AF842677A}
	EndGlobalSection
EndGlobal
